// !$*UTF8*$!
{
	archiveVersion = 1;
	classes = {
	};
	objectVersion = 77;
	objects = {

/* Begin PBXContainerItemProxy section */
		AFEEF7312DC7E397006F2A2B /* PBXContainerItemProxy */ = {
			isa = PBXContainerItemProxy;
			containerPortal = AFEEF7182DC7E395006F2A2B /* Project object */;
			proxyType = 1;
			remoteGlobalIDString = AFEEF71F2DC7E395006F2A2B;
			remoteInfo = mlayan;
		};
		AFEEF73B2DC7E397006F2A2B /* PBXContainerItemProxy */ = {
			isa = PBXContainerItemProxy;
			containerPortal = AFEEF7182DC7E395006F2A2B /* Project object */;
			proxyType = 1;
			remoteGlobalIDString = AFEEF71F2DC7E395006F2A2B;
			remoteInfo = mlayan;
		};
/* End PBXContainerItemProxy section */

/* Begin PBXFileReference section */
		AFEEF7202DC7E395006F2A2B /* mlayan.app */ = {isa = PBXFileReference; explicitFileType = wrapper.application; includeInIndex = 0; path = mlayan.app; sourceTree = BUILT_PRODUCTS_DIR; };
		AFEEF7302DC7E397006F2A2B /* mlayanTests.xctest */ = {isa = PBXFileReference; explicitFileType = wrapper.cfbundle; includeInIndex = 0; path = mlayanTests.xctest; sourceTree = BUILT_PRODUCTS_DIR; };
		AFEEF73A2DC7E397006F2A2B /* mlayanUITests.xctest */ = {isa = PBXFileReference; explicitFileType = wrapper.cfbundle; includeInIndex = 0; path = mlayanUITests.xctest; sourceTree = BUILT_PRODUCTS_DIR; };
/* End PBXFileReference section */

/* Begin PBXFileSystemSynchronizedRootGroup section */
		AFEEF7222DC7E395006F2A2B /* mlayan */ = {
			isa = PBXFileSystemSynchronizedRootGroup;
			path = mlayan;
			sourceTree = "<group>";
		};
		AFEEF7332DC7E397006F2A2B /* mlayanTests */ = {
			isa = PBXFileSystemSynchronizedRootGroup;
			path = mlayanTests;
			sourceTree = "<group>";
		};
		AFEEF73D2DC7E397006F2A2B /* mlayanUITests */ = {
			isa = PBXFileSystemSynchronizedRootGroup;
			path = mlayanUITests;
			sourceTree = "<group>";
		};
/* End PBXFileSystemSynchronizedRootGroup section */

/* Begin PBXFrameworksBuildPhase section */
		AFEEF71D2DC7E395006F2A2B /* Frameworks */ = {
			isa = PBXFrameworksBuildPhase;
			buildActionMask = 2147483647;
			files = (
			);
			runOnlyForDeploymentPostprocessing = 0;
		};
		AFEEF72D2DC7E397006F2A2B /* Frameworks */ = {
			isa = PBXFrameworksBuildPhase;
			buildActionMask = 2147483647;
			files = (
			);
			runOnlyForDeploymentPostprocessing = 0;
		};
		AFEEF7372DC7E397006F2A2B /* Frameworks */ = {
			isa = PBXFrameworksBuildPhase;
			buildActionMask = 2147483647;
			files = (
			);
			runOnlyForDeploymentPostprocessing = 0;
		};
/* End PBXFrameworksBuildPhase section */

/* Begin PBXGroup section */
		AFEEF7172DC7E395006F2A2B = {
			isa = PBXGroup;
			children = (
				AFEEF7222DC7E395006F2A2B /* mlayan */,
				AFEEF7332DC7E397006F2A2B /* mlayanTests */,
				AFEEF73D2DC7E397006F2A2B /* mlayanUITests */,
				AFEEF7212DC7E395006F2A2B /* Products */,
			);
			sourceTree = "<group>";
		};
		AFEEF7212DC7E395006F2A2B /* Products */ = {
			isa = PBXGroup;
			children = (
				AFEEF7202DC7E395006F2A2B /* mlayan.app */,
				AFEEF7302DC7E397006F2A2B /* mlayanTests.xctest */,
				AFEEF73A2DC7E397006F2A2B /* mlayanUITests.xctest */,
			);
			name = Products;
			sourceTree = "<group>";
		};
/* End PBXGroup section */

/* Begin PBXNativeTarget section */
		AFEEF71F2DC7E395006F2A2B /* mlayan */ = {
			isa = PBXNativeTarget;
			buildConfigurationList = AFEEF7442DC7E397006F2A2B /* Build configuration list for PBXNativeTarget "mlayan" */;
			buildPhases = (
				AFEEF71C2DC7E395006F2A2B /* Sources */,
				AFEEF71D2DC7E395006F2A2B /* Frameworks */,
				AFEEF71E2DC7E395006F2A2B /* Resources */,
			);
			buildRules = (
			);
			dependencies = (
			);
			fileSystemSynchronizedGroups = (
				AFEEF7222DC7E395006F2A2B /* mlayan */,
			);
			name = mlayan;
			packageProductDependencies = (
			);
			productName = mlayan;
			productReference = AFEEF7202DC7E395006F2A2B /* mlayan.app */;
			productType = "com.apple.product-type.application";
		};
		AFEEF72F2DC7E397006F2A2B /* mlayanTests */ = {
			isa = PBXNativeTarget;
			buildConfigurationList = AFEEF7472DC7E397006F2A2B /* Build configuration list for PBXNativeTarget "mlayanTests" */;
			buildPhases = (
				AFEEF72C2DC7E397006F2A2B /* Sources */,
				AFEEF72D2DC7E397006F2A2B /* Frameworks */,
				AFEEF72E2DC7E397006F2A2B /* Resources */,
			);
			buildRules = (
			);
			dependencies = (
				AFEEF7322DC7E397006F2A2B /* PBXTargetDependency */,
			);
			fileSystemSynchronizedGroups = (
				AFEEF7332DC7E397006F2A2B /* mlayanTests */,
			);
			name = mlayanTests;
			packageProductDependencies = (
			);
			productName = mlayanTests;
			productReference = AFEEF7302DC7E397006F2A2B /* mlayanTests.xctest */;
			productType = "com.apple.product-type.bundle.unit-test";
		};
		AFEEF7392DC7E397006F2A2B /* mlayanUITests */ = {
			isa = PBXNativeTarget;
			buildConfigurationList = AFEEF74A2DC7E397006F2A2B /* Build configuration list for PBXNativeTarget "mlayanUITests" */;
			buildPhases = (
				AFEEF7362DC7E397006F2A2B /* Sources */,
				AFEEF7372DC7E397006F2A2B /* Frameworks */,
				AFEEF7382DC7E397006F2A2B /* Resources */,
			);
			buildRules = (
			);
			dependencies = (
				AFEEF73C2DC7E397006F2A2B /* PBXTargetDependency */,
			);
			fileSystemSynchronizedGroups = (
				AFEEF73D2DC7E397006F2A2B /* mlayanUITests */,
			);
			name = mlayanUITests;
			packageProductDependencies = (
			);
			productName = mlayanUITests;
			productReference = AFEEF73A2DC7E397006F2A2B /* mlayanUITests.xctest */;
			productType = "com.apple.product-type.bundle.ui-testing";
		};
/* End PBXNativeTarget section */

/* Begin PBXProject section */
		AFEEF7182DC7E395006F2A2B /* Project object */ = {
			isa = PBXProject;
			attributes = {
				BuildIndependentTargetsInParallel = 1;
				LastSwiftUpdateCheck = 1600;
				LastUpgradeCheck = 1600;
				TargetAttributes = {
					AFEEF71F2DC7E395006F2A2B = {
						CreatedOnToolsVersion = 16.0;
					};
					AFEEF72F2DC7E397006F2A2B = {
						CreatedOnToolsVersion = 16.0;
						TestTargetID = AFEEF71F2DC7E395006F2A2B;
					};
					AFEEF7392DC7E397006F2A2B = {
						CreatedOnToolsVersion = 16.0;
						TestTargetID = AFEEF71F2DC7E395006F2A2B;
					};
				};
			};
			buildConfigurationList = AFEEF71B2DC7E395006F2A2B /* Build configuration list for PBXProject "mlayan" */;
			developmentRegion = en;
			hasScannedForEncodings = 0;
			knownRegions = (
				en,
				Base,
			);
			mainGroup = AFEEF7172DC7E395006F2A2B;
			minimizedProjectReferenceProxies = 1;
			preferredProjectObjectVersion = 77;
			productRefGroup = AFEEF7212DC7E395006F2A2B /* Products */;
			projectDirPath = "";
			projectRoot = "";
			targets = (
				AFEEF71F2DC7E395006F2A2B /* mlayan */,
				AFEEF72F2DC7E397006F2A2B /* mlayanTests */,
				AFEEF7392DC7E397006F2A2B /* mlayanUITests */,
			);
		};
/* End PBXProject section */

/* Begin PBXResourcesBuildPhase section */
		AFEEF71E2DC7E395006F2A2B /* Resources */ = {
			isa = PBXResourcesBuildPhase;
			buildActionMask = 2147483647;
			files = (
			);
			runOnlyForDeploymentPostprocessing = 0;
		};
		AFEEF72E2DC7E397006F2A2B /* Resources */ = {
			isa = PBXResourcesBuildPhase;
			buildActionMask = 2147483647;
			files = (
			);
			runOnlyForDeploymentPostprocessing = 0;
		};
		AFEEF7382DC7E397006F2A2B /* Resources */ = {
			isa = PBXResourcesBuildPhase;
			buildActionMask = 2147483647;
			files = (
			);
			runOnlyForDeploymentPostprocessing = 0;
		};
/* End PBXResourcesBuildPhase section */

/* Begin PBXSourcesBuildPhase section */
		AFEEF71C2DC7E395006F2A2B /* Sources */ = {
			isa = PBXSourcesBuildPhase;
			buildActionMask = 2147483647;
			files = (
			);
			runOnlyForDeploymentPostprocessing = 0;
		};
		AFEEF72C2DC7E397006F2A2B /* Sources */ = {
			isa = PBXSourcesBuildPhase;
			buildActionMask = 2147483647;
			files = (
			);
			runOnlyForDeploymentPostprocessing = 0;
		};
		AFEEF7362DC7E397006F2A2B /* Sources */ = {
			isa = PBXSourcesBuildPhase;
			buildActionMask = 2147483647;
			files = (
			);
			runOnlyForDeploymentPostprocessing = 0;
		};
/* End PBXSourcesBuildPhase section */

/* Begin PBXTargetDependency section */
		AFEEF7322DC7E397006F2A2B /* PBXTargetDependency */ = {
			isa = PBXTargetDependency;
			target = AFEEF71F2DC7E395006F2A2B /* mlayan */;
			targetProxy = AFEEF7312DC7E397006F2A2B /* PBXContainerItemProxy */;
		};
		AFEEF73C2DC7E397006F2A2B /* PBXTargetDependency */ = {
			isa = PBXTargetDependency;
			target = AFEEF71F2DC7E395006F2A2B /* mlayan */;
			targetProxy = AFEEF73B2DC7E397006F2A2B /* PBXContainerItemProxy */;
		};
/* End PBXTargetDependency section */

/* Begin XCBuildConfiguration section */
		AFEEF7422DC7E397006F2A2B /* Debug */ = {
			isa = XCBuildConfiguration;
			buildSettings = {
				ALWAYS_SEARCH_USER_PATHS = NO;
				ASSETCATALOG_COMPILER_GENERATE_SWIFT_ASSET_SYMBOL_EXTENSIONS = YES;
				CLANG_ANALYZER_NONNULL = YES;
				CLANG_ANALYZER_NUMBER_OBJECT_CONVERSION = YES_AGGRESSIVE;
				CLANG_CXX_LANGUAGE_STANDARD = "gnu++20";
				CLANG_ENABLE_MODULES = YES;
				CLANG_ENABLE_OBJC_ARC = YES;
				CLANG_ENABLE_OBJC_WEAK = YES;
				CLANG_WARN_BLOCK_CAPTURE_AUTORELEASING = YES;
				CLANG_WARN_BOOL_CONVERSION = YES;
				CLANG_WARN_COMMA = YES;
				CLANG_WARN_CONSTANT_CONVERSION = YES;
				CLANG_WARN_DEPRECATED_OBJC_IMPLEMENTATIONS = YES;
				CLANG_WARN_DIRECT_OBJC_ISA_USAGE = YES_ERROR;
				CLANG_WARN_DOCUMENTATION_COMMENTS = YES;
				CLANG_WARN_EMPTY_BODY = YES;
				CLANG_WARN_ENUM_CONVERSION = YES;
				CLANG_WARN_INFINITE_RECURSION = YES;
				CLANG_WARN_INT_CONVERSION = YES;
				CLANG_WARN_NON_LITERAL_NULL_CONVERSION = YES;
				CLANG_WARN_OBJC_IMPLICIT_RETAIN_SELF = YES;
				CLANG_WARN_OBJC_LITERAL_CONVERSION = YES;
				CLANG_WARN_OBJC_ROOT_CLASS = YES_ERROR;
				CLANG_WARN_QUOTED_INCLUDE_IN_FRAMEWORK_HEADER = YES;
				CLANG_WARN_RANGE_LOOP_ANALYSIS = YES;
				CLANG_WARN_STRICT_PROTOTYPES = YES;
				CLANG_WARN_SUSPICIOUS_MOVE = YES;
				CLANG_WARN_UNGUARDED_AVAILABILITY = YES_AGGRESSIVE;
				CLANG_WARN_UNREACHABLE_CODE = YES;
				CLANG_WARN__DUPLICATE_METHOD_MATCH = YES;
				COPY_PHASE_STRIP = NO;
				DEBUG_INFORMATION_FORMAT = dwarf;
				ENABLE_STRICT_OBJC_MSGSEND = YES;
				ENABLE_TESTABILITY = YES;
				ENABLE_USER_SCRIPT_SANDBOXING = YES;
				GCC_C_LANGUAGE_STANDARD = gnu17;
				GCC_DYNAMIC_NO_PIC = NO;
				GCC_NO_COMMON_BLOCKS = YES;
				GCC_OPTIMIZATION_LEVEL = 0;
				GCC_PREPROCESSOR_DEFINITIONS = (
					"DEBUG=1",
					"$(inherited)",
				);
				GCC_WARN_64_TO_32_BIT_CONVERSION = YES;
				GCC_WARN_ABOUT_RETURN_TYPE = YES_ERROR;
				GCC_WARN_UNDECLARED_SELECTOR = YES;
				GCC_WARN_UNINITIALIZED_AUTOS = YES_AGGRESSIVE;
				GCC_WARN_UNUSED_FUNCTION = YES;
				GCC_WARN_UNUSED_VARIABLE = YES;
				IPHONEOS_DEPLOYMENT_TARGET = 18.0;
				LOCALIZATION_PREFERS_STRING_CATALOGS = YES;
				MTL_ENABLE_DEBUG_INFO = INCLUDE_SOURCE;
				MTL_FAST_MATH = YES;
				ONLY_ACTIVE_ARCH = YES;
				SDKROOT = iphoneos;
				SWIFT_ACTIVE_COMPILATION_CONDITIONS = "DEBUG $(inherited)";
				SWIFT_OPTIMIZATION_LEVEL = "-Onone";
			};
			name = Debug;
		};
		AFEEF7432DC7E397006F2A2B /* Release */ = {
			isa = XCBuildConfiguration;
			buildSettings = {
				ALWAYS_SEARCH_USER_PATHS = NO;
				ASSETCATALOG_COMPILER_GENERATE_SWIFT_ASSET_SYMBOL_EXTENSIONS = YES;
				CLANG_ANALYZER_NONNULL = YES;
				CLANG_ANALYZER_NUMBER_OBJECT_CONVERSION = YES_AGGRESSIVE;
				CLANG_CXX_LANGUAGE_STANDARD = "gnu++20";
				CLANG_ENABLE_MODULES = YES;
				CLANG_ENABLE_OBJC_ARC = YES;
				CLANG_ENABLE_OBJC_WEAK = YES;
				CLANG_WARN_BLOCK_CAPTURE_AUTORELEASING = YES;
				CLANG_WARN_BOOL_CONVERSION = YES;
				CLANG_WARN_COMMA = YES;
				CLANG_WARN_CONSTANT_CONVERSION = YES;
				CLANG_WARN_DEPRECATED_OBJC_IMPLEMENTATIONS = YES;
				CLANG_WARN_DIRECT_OBJC_ISA_USAGE = YES_ERROR;
				CLANG_WARN_DOCUMENTATION_COMMENTS = YES;
				CLANG_WARN_EMPTY_BODY = YES;
				CLANG_WARN_ENUM_CONVERSION = YES;
				CLANG_WARN_INFINITE_RECURSION = YES;
				CLANG_WARN_INT_CONVERSION = YES;
				CLANG_WARN_NON_LITERAL_NULL_CONVERSION = YES;
				CLANG_WARN_OBJC_IMPLICIT_RETAIN_SELF = YES;
				CLANG_WARN_OBJC_LITERAL_CONVERSION = YES;
				CLANG_WARN_OBJC_ROOT_CLASS = YES_ERROR;
				CLANG_WARN_QUOTED_INCLUDE_IN_FRAMEWORK_HEADER = YES;
				CLANG_WARN_RANGE_LOOP_ANALYSIS = YES;
				CLANG_WARN_STRICT_PROTOTYPES = YES;
				CLANG_WARN_SUSPICIOUS_MOVE = YES;
				CLANG_WARN_UNGUARDED_AVAILABILITY = YES_AGGRESSIVE;
				CLANG_WARN_UNREACHABLE_CODE = YES;
				CLANG_WARN__DUPLICATE_METHOD_MATCH = YES;
				COPY_PHASE_STRIP = NO;
				DEBUG_INFORMATION_FORMAT = "dwarf-with-dsym";
				ENABLE_NS_ASSERTIONS = NO;
				ENABLE_STRICT_OBJC_MSGSEND = YES;
				ENABLE_USER_SCRIPT_SANDBOXING = YES;
				GCC_C_LANGUAGE_STANDARD = gnu17;
				GCC_NO_COMMON_BLOCKS = YES;
				GCC_WARN_64_TO_32_BIT_CONVERSION = YES;
				GCC_WARN_ABOUT_RETURN_TYPE = YES_ERROR;
				GCC_WARN_UNDECLARED_SELECTOR = YES;
				GCC_WARN_UNINITIALIZED_AUTOS = YES_AGGRESSIVE;
				GCC_WARN_UNUSED_FUNCTION = YES;
				GCC_WARN_UNUSED_VARIABLE = YES;
				IPHONEOS_DEPLOYMENT_TARGET = 18.0;
				LOCALIZATION_PREFERS_STRING_CATALOGS = YES;
				MTL_ENABLE_DEBUG_INFO = NO;
				MTL_FAST_MATH = YES;
				SDKROOT = iphoneos;
				SWIFT_COMPILATION_MODE = wholemodule;
				VALIDATE_PRODUCT = YES;
			};
			name = Release;
		};
		AFEEF7452DC7E397006F2A2B /* Debug */ = {
			isa = XCBuildConfiguration;
			buildSettings = {
				ASSETCATALOG_COMPILER_APPICON_NAME = AppIcon;
				ASSETCATALOG_COMPILER_GLOBAL_ACCENT_COLOR_NAME = AccentColor;
				CODE_SIGN_STYLE = Automatic;
				CURRENT_PROJECT_VERSION = 1;
				DEVELOPMENT_ASSET_PATHS = "\"mlayan/Preview Content\"";
				DEVELOPMENT_TEAM = LWMUSGAR69;
				ENABLE_PREVIEWS = YES;
				GENERATE_INFOPLIST_FILE = YES;
				INFOPLIST_KEY_UIApplicationSceneManifest_Generation = YES;
				INFOPLIST_KEY_UIApplicationSupportsIndirectInputEvents = YES;
				INFOPLIST_KEY_UILaunchScreen_Generation = YES;
				INFOPLIST_KEY_UISupportedInterfaceOrientations_iPad = "UIInterfaceOrientationPortrait UIInterfaceOrientationPortraitUpsideDown UIInterfaceOrientationLandscapeLeft UIInterfaceOrientationLandscapeRight";
				INFOPLIST_KEY_UISupportedInterfaceOrientations_iPhone = "UIInterfaceOrientationPortrait UIInterfaceOrientationLandscapeLeft UIInterfaceOrientationLandscapeRight";
				LD_RUNPATH_SEARCH_PATHS = (
					"$(inherited)",
					"@executable_path/Frameworks",
				);
				MARKETING_VERSION = 1.0;
				PRODUCT_BUNDLE_IDENTIFIER = S.mlayan;
				PRODUCT_NAME = "$(TARGET_NAME)";
				SWIFT_EMIT_LOC_STRINGS = YES;
				SWIFT_VERSION = 5.0;
				TARGETED_DEVICE_FAMILY = "1,2";
			};
			name = Debug;
		};
		AFEEF7462DC7E397006F2A2B /* Release */ = {
			isa = XCBuildConfiguration;
			buildSettings = {
				ASSETCATALOG_COMPILER_APPICON_NAME = AppIcon;
				ASSETCATALOG_COMPILER_GLOBAL_ACCENT_COLOR_NAME = AccentColor;
				CODE_SIGN_STYLE = Automatic;
				CURRENT_PROJECT_VERSION = 1;
				DEVELOPMENT_ASSET_PATHS = "\"mlayan/Preview Content\"";
				DEVELOPMENT_TEAM = LWMUSGAR69;
				ENABLE_PREVIEWS = YES;
				GENERATE_INFOPLIST_FILE = YES;
				INFOPLIST_KEY_UIApplicationSceneManifest_Generation = YES;
				INFOPLIST_KEY_UIApplicationSupportsIndirectInputEvents = YES;
				INFOPLIST_KEY_UILaunchScreen_Generation = YES;
				INFOPLIST_KEY_UISupportedInterfaceOrientations_iPad = "UIInterfaceOrientationPortrait UIInterfaceOrientationPortraitUpsideDown UIInterfaceOrientationLandscapeLeft UIInterfaceOrientationLandscapeRight";
				INFOPLIST_KEY_UISupportedInterfaceOrientations_iPhone = "UIInterfaceOrientationPortrait UIInterfaceOrientationLandscapeLeft UIInterfaceOrientationLandscapeRight";
				LD_RUNPATH_SEARCH_PATHS = (
					"$(inherited)",
					"@executable_path/Frameworks",
				);
				MARKETING_VERSION = 1.0;
				PRODUCT_BUNDLE_IDENTIFIER = S.mlayan;
				PRODUCT_NAME = "$(TARGET_NAME)";
				SWIFT_EMIT_LOC_STRINGS = YES;
				SWIFT_VERSION = 5.0;
				TARGETED_DEVICE_FAMILY = "1,2";
			};
			name = Release;
		};
		AFEEF7482DC7E397006F2A2B /* Debug */ = {
			isa = XCBuildConfiguration;
			buildSettings = {
				BUNDLE_LOADER = "$(TEST_HOST)";
				CODE_SIGN_STYLE = Automatic;
				CURRENT_PROJECT_VERSION = 1;
				GENERATE_INFOPLIST_FILE = YES;
				IPHONEOS_DEPLOYMENT_TARGET = 18.0;
				MARKETING_VERSION = 1.0;
				PRODUCT_BUNDLE_IDENTIFIER = S.mlayanTests;
				PRODUCT_NAME = "$(TARGET_NAME)";
				SWIFT_EMIT_LOC_STRINGS = NO;
				SWIFT_VERSION = 5.0;
				TARGETED_DEVICE_FAMILY = "1,2";
				TEST_HOST = "$(BUILT_PRODUCTS_DIR)/mlayan.app/$(BUNDLE_EXECUTABLE_FOLDER_PATH)/mlayan";
			};
			name = Debug;
		};
		AFEEF7492DC7E397006F2A2B /* Release */ = {
			isa = XCBuildConfiguration;
			buildSettings = {
				BUNDLE_LOADER = "$(TEST_HOST)";
				CODE_SIGN_STYLE = Automatic;
				CURRENT_PROJECT_VERSION = 1;
				GENERATE_INFOPLIST_FILE = YES;
				IPHONEOS_DEPLOYMENT_TARGET = 18.0;
				MARKETING_VERSION = 1.0;
				PRODUCT_BUNDLE_IDENTIFIER = S.mlayanTests;
				PRODUCT_NAME = "$(TARGET_NAME)";
				SWIFT_EMIT_LOC_STRINGS = NO;
				SWIFT_VERSION = 5.0;
				TARGETED_DEVICE_FAMILY = "1,2";
				TEST_HOST = "$(BUILT_PRODUCTS_DIR)/mlayan.app/$(BUNDLE_EXECUTABLE_FOLDER_PATH)/mlayan";
			};
			name = Release;
		};
		AFEEF74B2DC7E397006F2A2B /* Debug */ = {
			isa = XCBuildConfiguration;
			buildSettings = {
				CODE_SIGN_STYLE = Automatic;
				CURRENT_PROJECT_VERSION = 1;
				GENERATE_INFOPLIST_FILE = YES;
				MARKETING_VERSION = 1.0;
				PRODUCT_BUNDLE_IDENTIFIER = S.mlayanUITests;
				PRODUCT_NAME = "$(TARGET_NAME)";
				SWIFT_EMIT_LOC_STRINGS = NO;
				SWIFT_VERSION = 5.0;
				TARGETED_DEVICE_FAMILY = "1,2";
				TEST_TARGET_NAME = mlayan;
			};
			name = Debug;
		};
		AFEEF74C2DC7E397006F2A2B /* Release */ = {
			isa = XCBuildConfiguration;
			buildSettings = {
				CODE_SIGN_STYLE = Automatic;
				CURRENT_PROJECT_VERSION = 1;
				GENERATE_INFOPLIST_FILE = YES;
				MARKETING_VERSION = 1.0;
				PRODUCT_BUNDLE_IDENTIFIER = S.mlayanUITests;
				PRODUCT_NAME = "$(TARGET_NAME)";
				SWIFT_EMIT_LOC_STRINGS = NO;
				SWIFT_VERSION = 5.0;
				TARGETED_DEVICE_FAMILY = "1,2";
				TEST_TARGET_NAME = mlayan;
			};
			name = Release;
		};
/* End XCBuildConfiguration section */

/* Begin XCConfigurationList section */
		AFEEF71B2DC7E395006F2A2B /* Build configuration list for PBXProject "mlayan" */ = {
			isa = XCConfigurationList;
			buildConfigurations = (
				AFEEF7422DC7E397006F2A2B /* Debug */,
				AFEEF7432DC7E397006F2A2B /* Release */,
			);
			defaultConfigurationIsVisible = 0;
			defaultConfigurationName = Release;
		};
		AFEEF7442DC7E397006F2A2B /* Build configuration list for PBXNativeTarget "mlayan" */ = {
			isa = XCConfigurationList;
			buildConfigurations = (
				AFEEF7452DC7E397006F2A2B /* Debug */,
				AFEEF7462DC7E397006F2A2B /* Release */,
			);
			defaultConfigurationIsVisible = 0;
			defaultConfigurationName = Release;
		};
		AFEEF7472DC7E397006F2A2B /* Build configuration list for PBXNativeTarget "mlayanTests" */ = {
			isa = XCConfigurationList;
			buildConfigurations = (
				AFEEF7482DC7E397006F2A2B /* Debug */,
				AFEEF7492DC7E397006F2A2B /* Release */,
			);
			defaultConfigurationIsVisible = 0;
			defaultConfigurationName = Release;
		};
		AFEEF74A2DC7E397006F2A2B /* Build configuration list for PBXNativeTarget "mlayanUITests" */ = {
			isa = XCConfigurationList;
			buildConfigurations = (
				AFEEF74B2DC7E397006F2A2B /* Debug */,
				AFEEF74C2DC7E397006F2A2B /* Release */,
			);
			defaultConfigurationIsVisible = 0;
			defaultConfigurationName = Release;
		};
/* End XCConfigurationList section */
	};
	rootObject = AFEEF7182DC7E395006F2A2B /* Project object */;
}
